
Microsoft Visual Studio Solution File, Format Version 12.00
# Visual Studio Version 16
VisualStudioVersion = 16.0.28803.452
MinimumVisualStudioVersion = 10.0.40219.1
Project("{FAE04EC0-301F-11D3-BF4B-00C04F79EFBC}") = "ShoppingBasket", "ShoppingBasket\ShoppingBasket.csproj", "{B387C806-247C-4FDD-B73C-C2D0F72DBD1E}"
EndProject
Project("{FAE04EC0-301F-11D3-BF4B-00C04F79EFBC}") = "ShoppingBasket.Tests", "ShoppingBasket.Tests\ShoppingBasket.Tests.csproj", "{D7CECA95-CE0C-4F5A-8985-1C0B1446CD06}"
EndProject
Global
	GlobalSection(SolutionConfigurationPlatforms) = preSolution
		Debug|Any CPU = Debug|Any CPU
		Release|Any CPU = Release|Any CPU
	EndGlobalSection
	GlobalSection(ProjectConfigurationPlatforms) = postSolution
		{B387C806-247C-4FDD-B73C-C2D0F72DBD1E}.Debug|Any CPU.ActiveCfg = Debug|Any CPU
		{B387C806-247C-4FDD-B73C-C2D0F72DBD1E}.Debug|Any CPU.Build.0 = Debug|Any CPU
		{B387C806-247C-4FDD-B73C-C2D0F72DBD1E}.Release|Any CPU.ActiveCfg = Release|Any CPU
		{B387C806-247C-4FDD-B73C-C2D0F72DBD1E}.Release|Any CPU.Build.0 = Release|Any CPU
		{D7CECA95-CE0C-4F5A-8985-1C0B1446CD06}.Debug|Any CPU.ActiveCfg = Debug|Any CPU
		{D7CECA95-CE0C-4F5A-8985-1C0B1446CD06}.Debug|Any CPU.Build.0 = Debug|Any CPU
		{D7CECA95-CE0C-4F5A-8985-1C0B1446CD06}.Release|Any CPU.ActiveCfg = Release|Any CPU
		{D7CECA95-CE0C-4F5A-8985-1C0B1446CD06}.Release|Any CPU.Build.0 = Release|Any CPU
	EndGlobalSection
	GlobalSection(SolutionProperties) = preSolution
		HideSolutionNode = FALSE
	EndGlobalSection
	GlobalSection(ExtensibilityGlobals) = postSolution
		SolutionGuid = {CF44CED3-3B52-4B63-B22A-F737414B1589}
	EndGlobalSection
EndGlobal
